
Microsoft Visual Studio Solution File, Format Version 12.00
# Visual Studio 14
VisualStudioVersion = 14.0.25123.0
MinimumVisualStudioVersion = 10.0.40219.1
Project("{2150E333-8FDC-42A3-9474-1A3956D46DE8}") = ".paket", ".paket", "{C32B384A-264A-4FE7-9607-4A4FB5A2CB09}"
	ProjectSection(SolutionItems) = preProject
		paket.dependencies = paket.dependencies
	EndProjectSection
EndProject
Project("{A07B5EB6-E848-4116-A8D0-A826331D98C6}") = "FsActorApp", "FsActorApp\FsActorApp.sfproj", "{063E5D61-A85F-4D7B-8288-E2F79D9256FA}"
EndProject
Project("{F2A71F9B-5D33-465A-A702-920D77279786}") = "FsMyActor", "FsMyActor\FsMyActor.fsproj", "{7433F643-0914-4A1A-8220-D0A023FB3B71}"
EndProject
Project("{F2A71F9B-5D33-465A-A702-920D77279786}") = "FsMyActor.Interfaces", "FsMyActor.Interfaces\FsMyActor.Interfaces.fsproj", "{FB88B447-D04F-462C-816D-92FCCAFC3770}"
EndProject
Project("{2150E333-8FDC-42A3-9474-1A3956D46DE8}") = "Solution Items", "Solution Items", "{479C1EA9-3AFE-42A1-B6EC-B8B584B96732}"
	ProjectSection(SolutionItems) = preProject
		readme.md = readme.md
	EndProjectSection
EndProject
Global
	GlobalSection(SolutionConfigurationPlatforms) = preSolution
		Debug|Any CPU = Debug|Any CPU
		Debug|x64 = Debug|x64
		Release|Any CPU = Release|Any CPU
		Release|x64 = Release|x64
	EndGlobalSection
	GlobalSection(ProjectConfigurationPlatforms) = postSolution
		{063E5D61-A85F-4D7B-8288-E2F79D9256FA}.Debug|Any CPU.ActiveCfg = Debug|x64
		{063E5D61-A85F-4D7B-8288-E2F79D9256FA}.Debug|Any CPU.Build.0 = Debug|x64
		{063E5D61-A85F-4D7B-8288-E2F79D9256FA}.Debug|Any CPU.Deploy.0 = Debug|x64
		{063E5D61-A85F-4D7B-8288-E2F79D9256FA}.Debug|x64.ActiveCfg = Debug|x64
		{063E5D61-A85F-4D7B-8288-E2F79D9256FA}.Debug|x64.Build.0 = Debug|x64
		{063E5D61-A85F-4D7B-8288-E2F79D9256FA}.Debug|x64.Deploy.0 = Debug|x64
		{063E5D61-A85F-4D7B-8288-E2F79D9256FA}.Release|Any CPU.ActiveCfg = Release|x64
		{063E5D61-A85F-4D7B-8288-E2F79D9256FA}.Release|Any CPU.Build.0 = Release|x64
		{063E5D61-A85F-4D7B-8288-E2F79D9256FA}.Release|Any CPU.Deploy.0 = Release|x64
		{063E5D61-A85F-4D7B-8288-E2F79D9256FA}.Release|x64.ActiveCfg = Release|x64
		{063E5D61-A85F-4D7B-8288-E2F79D9256FA}.Release|x64.Build.0 = Release|x64
		{063E5D61-A85F-4D7B-8288-E2F79D9256FA}.Release|x64.Deploy.0 = Release|x64
		{7433F643-0914-4A1A-8220-D0A023FB3B71}.Debug|Any CPU.ActiveCfg = Debug|x64
		{7433F643-0914-4A1A-8220-D0A023FB3B71}.Debug|Any CPU.Build.0 = Debug|x64
		{7433F643-0914-4A1A-8220-D0A023FB3B71}.Debug|x64.ActiveCfg = Debug|Any CPU
		{7433F643-0914-4A1A-8220-D0A023FB3B71}.Debug|x64.Build.0 = Debug|Any CPU
		{7433F643-0914-4A1A-8220-D0A023FB3B71}.Release|Any CPU.ActiveCfg = Release|x64
		{7433F643-0914-4A1A-8220-D0A023FB3B71}.Release|Any CPU.Build.0 = Release|x64
		{7433F643-0914-4A1A-8220-D0A023FB3B71}.Release|x64.ActiveCfg = Release|x64
		{7433F643-0914-4A1A-8220-D0A023FB3B71}.Release|x64.Build.0 = Release|x64
		{FB88B447-D04F-462C-816D-92FCCAFC3770}.Debug|Any CPU.ActiveCfg = Debug|x64
		{FB88B447-D04F-462C-816D-92FCCAFC3770}.Debug|Any CPU.Build.0 = Debug|x64
		{FB88B447-D04F-462C-816D-92FCCAFC3770}.Debug|x64.ActiveCfg = Debug|Any CPU
		{FB88B447-D04F-462C-816D-92FCCAFC3770}.Debug|x64.Build.0 = Debug|Any CPU
		{FB88B447-D04F-462C-816D-92FCCAFC3770}.Release|Any CPU.ActiveCfg = Release|x64
		{FB88B447-D04F-462C-816D-92FCCAFC3770}.Release|Any CPU.Build.0 = Release|x64
		{FB88B447-D04F-462C-816D-92FCCAFC3770}.Release|x64.ActiveCfg = Release|x64
		{FB88B447-D04F-462C-816D-92FCCAFC3770}.Release|x64.Build.0 = Release|x64
		{FB88B447-D04F-462C-816D-92FCCAFC3770}.Release|x64.Deploy.0 = Release|x64
	EndGlobalSection
	GlobalSection(SolutionProperties) = preSolution
		HideSolutionNode = FALSE
	EndGlobalSection
EndGlobal
